
Microsoft Visual Studio Solution File, Format Version 12.00
# Visual Studio Version 16
VisualStudioVersion = 16.0.29009.5
MinimumVisualStudioVersion = 10.0.40219.1
Project("{FAE04EC0-301F-11D3-BF4B-00C04F79EFBC}") = "Notepad 2000", "Notepad 2000\Notepad 2000.csproj", "{CC0D5457-A285-4E28-A464-E55DD8F84B04}"
EndProject
Project("{54435603-DBB4-11D2-8724-00A0C9A8B90C}") = "Notepad2000_setup", "Notepad2000_setup\Notepad2000_setup.vdproj", "{0389B7E7-8774-460E-BFB5-7E0E3227A63E}"
EndProject
Global
	GlobalSection(SolutionConfigurationPlatforms) = preSolution
		Debug|Any CPU = Debug|Any CPU
		Release|Any CPU = Release|Any CPU
	EndGlobalSection
	GlobalSection(ProjectConfigurationPlatforms) = postSolution
		{CC0D5457-A285-4E28-A464-E55DD8F84B04}.Debug|Any CPU.ActiveCfg = Debug|Any CPU
		{CC0D5457-A285-4E28-A464-E55DD8F84B04}.Debug|Any CPU.Build.0 = Debug|Any CPU
		{CC0D5457-A285-4E28-A464-E55DD8F84B04}.Release|Any CPU.ActiveCfg = Release|Any CPU
		{CC0D5457-A285-4E28-A464-E55DD8F84B04}.Release|Any CPU.Build.0 = Release|Any CPU
		{0389B7E7-8774-460E-BFB5-7E0E3227A63E}.Debug|Any CPU.ActiveCfg = Debug
		{0389B7E7-8774-460E-BFB5-7E0E3227A63E}.Release|Any CPU.ActiveCfg = Release
	EndGlobalSection
	GlobalSection(SolutionProperties) = preSolution
		HideSolutionNode = FALSE
	EndGlobalSection
	GlobalSection(ExtensibilityGlobals) = postSolution
		SolutionGuid = {B25D4806-A596-4ADA-B6AC-A00726336CF0}
	EndGlobalSection
EndGlobal
